// !$*UTF8*$!
{
	archiveVersion = 1;
	classes = {
	};
	objectVersion = 46;
	objects = {

/* Begin PBXBuildFile section */
		4D089C2E1E9D1ACF003D5B83 /* AppDelegate.swift in Sources */ = {isa = PBXBuildFile; fileRef = 4D089C2D1E9D1ACF003D5B83 /* AppDelegate.swift */; };
		4D089C301E9D1ACF003D5B83 /* ViewController.swift in Sources */ = {isa = PBXBuildFile; fileRef = 4D089C2F1E9D1ACF003D5B83 /* ViewController.swift */; };
		4D089C331E9D1ACF003D5B83 /* Main.storyboard in Resources */ = {isa = PBXBuildFile; fileRef = 4D089C311E9D1ACF003D5B83 /* Main.storyboard */; };
		4D089C351E9D1ACF003D5B83 /* Assets.xcassets in Resources */ = {isa = PBXBuildFile; fileRef = 4D089C341E9D1ACF003D5B83 /* Assets.xcassets */; };
		4D089C381E9D1ACF003D5B83 /* LaunchScreen.storyboard in Resources */ = {isa = PBXBuildFile; fileRef = 4D089C361E9D1ACF003D5B83 /* LaunchScreen.storyboard */; };
		4D089C401E9D1DD6003D5B83 /* pokemon.csv in Resources */ = {isa = PBXBuildFile; fileRef = 4D089C3F1E9D1DD6003D5B83 /* pokemon.csv */; };
		4D089C451E9D1F01003D5B83 /* Pokemon.swift in Sources */ = {isa = PBXBuildFile; fileRef = 4D089C441E9D1F01003D5B83 /* Pokemon.swift */; };
		4D089C481E9D2A01003D5B83 /* PokeCell.swift in Sources */ = {isa = PBXBuildFile; fileRef = 4D089C471E9D2A01003D5B83 /* PokeCell.swift */; };
		4D9664D71E9DA22A00A4A9CB /* csv.swift in Sources */ = {isa = PBXBuildFile; fileRef = 4D9664D61E9DA22A00A4A9CB /* csv.swift */; };
/* End PBXBuildFile section */

/* Begin PBXFileReference section */
		4D089C2A1E9D1ACF003D5B83 /* Pokedex.app */ = {isa = PBXFileReference; explicitFileType = wrapper.application; includeInIndex = 0; path = Pokedex.app; sourceTree = BUILT_PRODUCTS_DIR; };
		4D089C2D1E9D1ACF003D5B83 /* AppDelegate.swift */ = {isa = PBXFileReference; lastKnownFileType = sourcecode.swift; path = AppDelegate.swift; sourceTree = "<group>"; };
		4D089C2F1E9D1ACF003D5B83 /* ViewController.swift */ = {isa = PBXFileReference; lastKnownFileType = sourcecode.swift; path = ViewController.swift; sourceTree = "<group>"; };
		4D089C321E9D1ACF003D5B83 /* Base */ = {isa = PBXFileReference; lastKnownFileType = file.storyboard; name = Base; path = Base.lproj/Main.storyboard; sourceTree = "<group>"; };
		4D089C341E9D1ACF003D5B83 /* Assets.xcassets */ = {isa = PBXFileReference; lastKnownFileType = folder.assetcatalog; path = Assets.xcassets; sourceTree = "<group>"; };
		4D089C371E9D1ACF003D5B83 /* Base */ = {isa = PBXFileReference; lastKnownFileType = file.storyboard; name = Base; path = Base.lproj/LaunchScreen.storyboard; sourceTree = "<group>"; };
		4D089C391E9D1ACF003D5B83 /* Info.plist */ = {isa = PBXFileReference; lastKnownFileType = text.plist.xml; path = Info.plist; sourceTree = "<group>"; };
		4D089C3F1E9D1DD6003D5B83 /* pokemon.csv */ = {isa = PBXFileReference; fileEncoding = 4; lastKnownFileType = text; path = pokemon.csv; sourceTree = "<group>"; };
		4D089C441E9D1F01003D5B83 /* Pokemon.swift */ = {isa = PBXFileReference; fileEncoding = 4; lastKnownFileType = sourcecode.swift; path = Pokemon.swift; sourceTree = "<group>"; };
		4D089C471E9D2A01003D5B83 /* PokeCell.swift */ = {isa = PBXFileReference; fileEncoding = 4; lastKnownFileType = sourcecode.swift; path = PokeCell.swift; sourceTree = "<group>"; };
		4D9664D61E9DA22A00A4A9CB /* csv.swift */ = {isa = PBXFileReference; fileEncoding = 4; lastKnownFileType = sourcecode.swift; path = csv.swift; sourceTree = "<group>"; };
/* End PBXFileReference section */

/* Begin PBXFrameworksBuildPhase section */
		4D089C271E9D1ACF003D5B83 /* Frameworks */ = {
			isa = PBXFrameworksBuildPhase;
			buildActionMask = 2147483647;
			files = (
			);
			runOnlyForDeploymentPostprocessing = 0;
		};
/* End PBXFrameworksBuildPhase section */

/* Begin PBXGroup section */
		4D089C211E9D1ACF003D5B83 = {
			isa = PBXGroup;
			children = (
				4D089C2C1E9D1ACF003D5B83 /* Pokedex */,
				4D089C2B1E9D1ACF003D5B83 /* Products */,
			);
			sourceTree = "<group>";
		};
		4D089C2B1E9D1ACF003D5B83 /* Products */ = {
			isa = PBXGroup;
			children = (
				4D089C2A1E9D1ACF003D5B83 /* Pokedex.app */,
			);
			name = Products;
			sourceTree = "<group>";
		};
		4D089C2C1E9D1ACF003D5B83 /* Pokedex */ = {
			isa = PBXGroup;
			children = (
				4D089C461E9D29DB003D5B83 /* View */,
				4D089C411E9D1ED9003D5B83 /* Model */,
				4D089C2D1E9D1ACF003D5B83 /* AppDelegate.swift */,
				4D089C2F1E9D1ACF003D5B83 /* ViewController.swift */,
				4D089C311E9D1ACF003D5B83 /* Main.storyboard */,
				4D089C341E9D1ACF003D5B83 /* Assets.xcassets */,
				4D089C3F1E9D1DD6003D5B83 /* pokemon.csv */,
				4D9664D61E9DA22A00A4A9CB /* csv.swift */,
				4D089C361E9D1ACF003D5B83 /* LaunchScreen.storyboard */,
				4D089C391E9D1ACF003D5B83 /* Info.plist */,
			);
			path = Pokedex;
			sourceTree = "<group>";
		};
		4D089C411E9D1ED9003D5B83 /* Model */ = {
			isa = PBXGroup;
			children = (
				4D089C441E9D1F01003D5B83 /* Pokemon.swift */,
			);
			name = Model;
			sourceTree = "<group>";
		};
		4D089C461E9D29DB003D5B83 /* View */ = {
			isa = PBXGroup;
			children = (
				4D089C471E9D2A01003D5B83 /* PokeCell.swift */,
			);
			name = View;
			sourceTree = "<group>";
		};
/* End PBXGroup section */

/* Begin PBXNativeTarget section */
		4D089C291E9D1ACF003D5B83 /* Pokedex */ = {
			isa = PBXNativeTarget;
			buildConfigurationList = 4D089C3C1E9D1ACF003D5B83 /* Build configuration list for PBXNativeTarget "Pokedex" */;
			buildPhases = (
				4D089C261E9D1ACF003D5B83 /* Sources */,
				4D089C271E9D1ACF003D5B83 /* Frameworks */,
				4D089C281E9D1ACF003D5B83 /* Resources */,
			);
			buildRules = (
			);
			dependencies = (
			);
			name = Pokedex;
			productName = Pokedex;
			productReference = 4D089C2A1E9D1ACF003D5B83 /* Pokedex.app */;
			productType = "com.apple.product-type.application";
		};
/* End PBXNativeTarget section */

/* Begin PBXProject section */
		4D089C221E9D1ACF003D5B83 /* Project object */ = {
			isa = PBXProject;
			attributes = {
				LastSwiftUpdateCheck = 0830;
				LastUpgradeCheck = 0830;
				ORGANIZATIONNAME = "Laurent Liu";
				TargetAttributes = {
					4D089C291E9D1ACF003D5B83 = {
						CreatedOnToolsVersion = 8.3;
						DevelopmentTeam = 7XU99E8K2E;
						LastSwiftMigration = 0830;
						ProvisioningStyle = Automatic;
					};
				};
			};
			buildConfigurationList = 4D089C251E9D1ACF003D5B83 /* Build configuration list for PBXProject "Pokedex" */;
			compatibilityVersion = "Xcode 3.2";
			developmentRegion = English;
			hasScannedForEncodings = 0;
			knownRegions = (
				en,
				Base,
			);
			mainGroup = 4D089C211E9D1ACF003D5B83;
			productRefGroup = 4D089C2B1E9D1ACF003D5B83 /* Products */;
			projectDirPath = "";
			projectRoot = "";
			targets = (
				4D089C291E9D1ACF003D5B83 /* Pokedex */,
			);
		};
/* End PBXProject section */

/* Begin PBXResourcesBuildPhase section */
		4D089C281E9D1ACF003D5B83 /* Resources */ = {
			isa = PBXResourcesBuildPhase;
			buildActionMask = 2147483647;
			files = (
				4D089C381E9D1ACF003D5B83 /* LaunchScreen.storyboard in Resources */,
				4D089C351E9D1ACF003D5B83 /* Assets.xcassets in Resources */,
				4D089C401E9D1DD6003D5B83 /* pokemon.csv in Resources */,
				4D089C331E9D1ACF003D5B83 /* Main.storyboard in Resources */,
			);
			runOnlyForDeploymentPostprocessing = 0;
		};
/* End PBXResourcesBuildPhase section */

/* Begin PBXSourcesBuildPhase section */
		4D089C261E9D1ACF003D5B83 /* Sources */ = {
			isa = PBXSourcesBuildPhase;
			buildActionMask = 2147483647;
			files = (
				4D089C481E9D2A01003D5B83 /* PokeCell.swift in Sources */,
				4D089C301E9D1ACF003D5B83 /* ViewController.swift in Sources */,
				4D089C2E1E9D1ACF003D5B83 /* AppDelegate.swift in Sources */,
				4D089C451E9D1F01003D5B83 /* Pokemon.swift in Sources */,
				4D9664D71E9DA22A00A4A9CB /* csv.swift in Sources */,
			);
			runOnlyForDeploymentPostprocessing = 0;
		};
/* End PBXSourcesBuildPhase section */

/* Begin PBXVariantGroup section */
		4D089C311E9D1ACF003D5B83 /* Main.storyboard */ = {
			isa = PBXVariantGroup;
			children = (
				4D089C321E9D1ACF003D5B83 /* Base */,
			);
			name = Main.storyboard;
			sourceTree = "<group>";
		};
		4D089C361E9D1ACF003D5B83 /* LaunchScreen.storyboard */ = {
			isa = PBXVariantGroup;
			children = (
				4D089C371E9D1ACF003D5B83 /* Base */,
			);
			name = LaunchScreen.storyboard;
			sourceTree = "<group>";
		};
/* End PBXVariantGroup section */

/* Begin XCBuildConfiguration section */
		4D089C3A1E9D1ACF003D5B83 /* Debug */ = {
			isa = XCBuildConfiguration;
			buildSettings = {
				ALWAYS_SEARCH_USER_PATHS = NO;
				CLANG_ANALYZER_NONNULL = YES;
				CLANG_ANALYZER_NUMBER_OBJECT_CONVERSION = YES_AGGRESSIVE;
				CLANG_CXX_LANGUAGE_STANDARD = "gnu++0x";
				CLANG_CXX_LIBRARY = "libc++";
				CLANG_ENABLE_MODULES = YES;
				CLANG_ENABLE_OBJC_ARC = YES;
				CLANG_WARN_BOOL_CONVERSION = YES;
				CLANG_WARN_CONSTANT_CONVERSION = YES;
				CLANG_WARN_DIRECT_OBJC_ISA_USAGE = YES_ERROR;
				CLANG_WARN_DOCUMENTATION_COMMENTS = YES;
				CLANG_WARN_EMPTY_BODY = YES;
				CLANG_WARN_ENUM_CONVERSION = YES;
				CLANG_WARN_INFINITE_RECURSION = YES;
				CLANG_WARN_INT_CONVERSION = YES;
				CLANG_WARN_OBJC_ROOT_CLASS = YES_ERROR;
				CLANG_WARN_SUSPICIOUS_MOVE = YES;
				CLANG_WARN_UNREACHABLE_CODE = YES;
				CLANG_WARN__DUPLICATE_METHOD_MATCH = YES;
				"CODE_SIGN_IDENTITY[sdk=iphoneos*]" = "iPhone Developer";
				COPY_PHASE_STRIP = NO;
				DEBUG_INFORMATION_FORMAT = dwarf;
				ENABLE_STRICT_OBJC_MSGSEND = YES;
				ENABLE_TESTABILITY = YES;
				GCC_C_LANGUAGE_STANDARD = gnu99;
				GCC_DYNAMIC_NO_PIC = NO;
				GCC_NO_COMMON_BLOCKS = YES;
				GCC_OPTIMIZATION_LEVEL = 0;
				GCC_PREPROCESSOR_DEFINITIONS = (
					"DEBUG=1",
					"$(inherited)",
				);
				GCC_WARN_64_TO_32_BIT_CONVERSION = YES;
				GCC_WARN_ABOUT_RETURN_TYPE = YES_ERROR;
				GCC_WARN_UNDECLARED_SELECTOR = YES;
				GCC_WARN_UNINITIALIZED_AUTOS = YES_AGGRESSIVE;
				GCC_WARN_UNUSED_FUNCTION = YES;
				GCC_WARN_UNUSED_VARIABLE = YES;
				IPHONEOS_DEPLOYMENT_TARGET = 10.3;
				MTL_ENABLE_DEBUG_INFO = YES;
				ONLY_ACTIVE_ARCH = YES;
				SDKROOT = iphoneos;
				SWIFT_ACTIVE_COMPILATION_CONDITIONS = DEBUG;
				SWIFT_OPTIMIZATION_LEVEL = "-Onone";
			};
			name = Debug;
		};
		4D089C3B1E9D1ACF003D5B83 /* Release */ = {
			isa = XCBuildConfiguration;
			buildSettings = {
				ALWAYS_SEARCH_USER_PATHS = NO;
				CLANG_ANALYZER_NONNULL = YES;
				CLANG_ANALYZER_NUMBER_OBJECT_CONVERSION = YES_AGGRESSIVE;
				CLANG_CXX_LANGUAGE_STANDARD = "gnu++0x";
				CLANG_CXX_LIBRARY = "libc++";
				CLANG_ENABLE_MODULES = YES;
				CLANG_ENABLE_OBJC_ARC = YES;
				CLANG_WARN_BOOL_CONVERSION = YES;
				CLANG_WARN_CONSTANT_CONVERSION = YES;
				CLANG_WARN_DIRECT_OBJC_ISA_USAGE = YES_ERROR;
				CLANG_WARN_DOCUMENTATION_COMMENTS = YES;
				CLANG_WARN_EMPTY_BODY = YES;
				CLANG_WARN_ENUM_CONVERSION = YES;
				CLANG_WARN_INFINITE_RECURSION = YES;
				CLANG_WARN_INT_CONVERSION = YES;
				CLANG_WARN_OBJC_ROOT_CLASS = YES_ERROR;
				CLANG_WARN_SUSPICIOUS_MOVE = YES;
				CLANG_WARN_UNREACHABLE_CODE = YES;
				CLANG_WARN__DUPLICATE_METHOD_MATCH = YES;
				"CODE_SIGN_IDENTITY[sdk=iphoneos*]" = "iPhone Developer";
				COPY_PHASE_STRIP = NO;
				DEBUG_INFORMATION_FORMAT = "dwarf-with-dsym";
				ENABLE_NS_ASSERTIONS = NO;
				ENABLE_STRICT_OBJC_MSGSEND = YES;
				GCC_C_LANGUAGE_STANDARD = gnu99;
				GCC_NO_COMMON_BLOCKS = YES;
				GCC_WARN_64_TO_32_BIT_CONVERSION = YES;
				GCC_WARN_ABOUT_RETURN_TYPE = YES_ERROR;
				GCC_WARN_UNDECLARED_SELECTOR = YES;
				GCC_WARN_UNINITIALIZED_AUTOS = YES_AGGRESSIVE;
				GCC_WARN_UNUSED_FUNCTION = YES;
				GCC_WARN_UNUSED_VARIABLE = YES;
				IPHONEOS_DEPLOYMENT_TARGET = 10.3;
				MTL_ENABLE_DEBUG_INFO = NO;
				SDKROOT = iphoneos;
				SWIFT_OPTIMIZATION_LEVEL = "-Owholemodule";
				VALIDATE_PRODUCT = YES;
			};
			name = Release;
		};
		4D089C3D1E9D1ACF003D5B83 /* Debug */ = {
			isa = XCBuildConfiguration;
			buildSettings = {
				ASSETCATALOG_COMPILER_APPICON_NAME = AppIcon;
				DEVELOPMENT_TEAM = 7XU99E8K2E;
				INFOPLIST_FILE = Pokedex/Info.plist;
				LD_RUNPATH_SEARCH_PATHS = "$(inherited) @executable_path/Frameworks";
				PRODUCT_BUNDLE_IDENTIFIER = com.ruofeng.Pokedex;
				PRODUCT_NAME = "$(TARGET_NAME)";
				SWIFT_VERSION = 3.0;
			};
			name = Debug;
		};
		4D089C3E1E9D1ACF003D5B83 /* Release */ = {
			isa = XCBuildConfiguration;
			buildSettings = {
				ASSETCATALOG_COMPILER_APPICON_NAME = AppIcon;
				DEVELOPMENT_TEAM = 7XU99E8K2E;
				INFOPLIST_FILE = Pokedex/Info.plist;
				LD_RUNPATH_SEARCH_PATHS = "$(inherited) @executable_path/Frameworks";
				PRODUCT_BUNDLE_IDENTIFIER = com.ruofeng.Pokedex;
				PRODUCT_NAME = "$(TARGET_NAME)";
				SWIFT_VERSION = 3.0;
			};
			name = Release;
		};
/* End XCBuildConfiguration section */

/* Begin XCConfigurationList section */
		4D089C251E9D1ACF003D5B83 /* Build configuration list for PBXProject "Pokedex" */ = {
			isa = XCConfigurationList;
			buildConfigurations = (
				4D089C3A1E9D1ACF003D5B83 /* Debug */,
				4D089C3B1E9D1ACF003D5B83 /* Release */,
			);
			defaultConfigurationIsVisible = 0;
			defaultConfigurationName = Release;
		};
		4D089C3C1E9D1ACF003D5B83 /* Build configuration list for PBXNativeTarget "Pokedex" */ = {
			isa = XCConfigurationList;
			buildConfigurations = (
				4D089C3D1E9D1ACF003D5B83 /* Debug */,
				4D089C3E1E9D1ACF003D5B83 /* Release */,
			);
			defaultConfigurationIsVisible = 0;
			defaultConfigurationName = Release;
		};
/* End XCConfigurationList section */
	};
	rootObject = 4D089C221E9D1ACF003D5B83 /* Project object */;
}
